
Microsoft Visual Studio Solution File, Format Version 12.00
# Visual Studio 14
VisualStudioVersion = 14.0.23107.0
MinimumVisualStudioVersion = 10.0.40219.1
Project("{FAE04EC0-301F-11D3-BF4B-00C04F79EFBC}") = "TheBallMobileApp", "TheBallMobileApp\TheBallMobileApp.csproj", "{E0352F51-15BB-4235-B1BC-B8DBF4502AEF}"
EndProject
Project("{FAE04EC0-301F-11D3-BF4B-00C04F79EFBC}") = "TheBalliOSApp", "TheBalliOSApp\TheBalliOSApp.csproj", "{4F504AB1-4F5F-4B8A-B90F-ACBD5CBC2201}"
EndProject
Global
	GlobalSection(SolutionConfigurationPlatforms) = preSolution
		Ad-Hoc|Any CPU = Ad-Hoc|Any CPU
		Ad-Hoc|iPhone = Ad-Hoc|iPhone
		Ad-Hoc|iPhoneSimulator = Ad-Hoc|iPhoneSimulator
		AppStore|Any CPU = AppStore|Any CPU
		AppStore|iPhone = AppStore|iPhone
		AppStore|iPhoneSimulator = AppStore|iPhoneSimulator
		Debug|Any CPU = Debug|Any CPU
		Debug|iPhone = Debug|iPhone
		Debug|iPhoneSimulator = Debug|iPhoneSimulator
		MonoDroidDebug|Any CPU = MonoDroidDebug|Any CPU
		MonoDroidDebug|iPhone = MonoDroidDebug|iPhone
		MonoDroidDebug|iPhoneSimulator = MonoDroidDebug|iPhoneSimulator
		Release|Any CPU = Release|Any CPU
		Release|iPhone = Release|iPhone
		Release|iPhoneSimulator = Release|iPhoneSimulator
	EndGlobalSection
	GlobalSection(ProjectConfigurationPlatforms) = postSolution
		{E0352F51-15BB-4235-B1BC-B8DBF4502AEF}.Ad-Hoc|Any CPU.ActiveCfg = Release|Any CPU
		{E0352F51-15BB-4235-B1BC-B8DBF4502AEF}.Ad-Hoc|Any CPU.Build.0 = Release|Any CPU
		{E0352F51-15BB-4235-B1BC-B8DBF4502AEF}.Ad-Hoc|Any CPU.Deploy.0 = Release|Any CPU
		{E0352F51-15BB-4235-B1BC-B8DBF4502AEF}.Ad-Hoc|iPhone.ActiveCfg = Release|Any CPU
		{E0352F51-15BB-4235-B1BC-B8DBF4502AEF}.Ad-Hoc|iPhone.Build.0 = Release|Any CPU
		{E0352F51-15BB-4235-B1BC-B8DBF4502AEF}.Ad-Hoc|iPhone.Deploy.0 = Release|Any CPU
		{E0352F51-15BB-4235-B1BC-B8DBF4502AEF}.Ad-Hoc|iPhoneSimulator.ActiveCfg = Release|Any CPU
		{E0352F51-15BB-4235-B1BC-B8DBF4502AEF}.Ad-Hoc|iPhoneSimulator.Build.0 = Release|Any CPU
		{E0352F51-15BB-4235-B1BC-B8DBF4502AEF}.Ad-Hoc|iPhoneSimulator.Deploy.0 = Release|Any CPU
		{E0352F51-15BB-4235-B1BC-B8DBF4502AEF}.AppStore|Any CPU.ActiveCfg = Release|Any CPU
		{E0352F51-15BB-4235-B1BC-B8DBF4502AEF}.AppStore|Any CPU.Build.0 = Release|Any CPU
		{E0352F51-15BB-4235-B1BC-B8DBF4502AEF}.AppStore|Any CPU.Deploy.0 = Release|Any CPU
		{E0352F51-15BB-4235-B1BC-B8DBF4502AEF}.AppStore|iPhone.ActiveCfg = Release|Any CPU
		{E0352F51-15BB-4235-B1BC-B8DBF4502AEF}.AppStore|iPhone.Build.0 = Release|Any CPU
		{E0352F51-15BB-4235-B1BC-B8DBF4502AEF}.AppStore|iPhone.Deploy.0 = Release|Any CPU
		{E0352F51-15BB-4235-B1BC-B8DBF4502AEF}.AppStore|iPhoneSimulator.ActiveCfg = Release|Any CPU
		{E0352F51-15BB-4235-B1BC-B8DBF4502AEF}.AppStore|iPhoneSimulator.Build.0 = Release|Any CPU
		{E0352F51-15BB-4235-B1BC-B8DBF4502AEF}.AppStore|iPhoneSimulator.Deploy.0 = Release|Any CPU
		{E0352F51-15BB-4235-B1BC-B8DBF4502AEF}.Debug|Any CPU.ActiveCfg = Debug|Any CPU
		{E0352F51-15BB-4235-B1BC-B8DBF4502AEF}.Debug|Any CPU.Build.0 = Debug|Any CPU
		{E0352F51-15BB-4235-B1BC-B8DBF4502AEF}.Debug|Any CPU.Deploy.0 = Debug|Any CPU
		{E0352F51-15BB-4235-B1BC-B8DBF4502AEF}.Debug|iPhone.ActiveCfg = Debug|Any CPU
		{E0352F51-15BB-4235-B1BC-B8DBF4502AEF}.Debug|iPhone.Build.0 = Debug|Any CPU
		{E0352F51-15BB-4235-B1BC-B8DBF4502AEF}.Debug|iPhone.Deploy.0 = Debug|Any CPU
		{E0352F51-15BB-4235-B1BC-B8DBF4502AEF}.Debug|iPhoneSimulator.ActiveCfg = Debug|Any CPU
		{E0352F51-15BB-4235-B1BC-B8DBF4502AEF}.Debug|iPhoneSimulator.Build.0 = Debug|Any CPU
		{E0352F51-15BB-4235-B1BC-B8DBF4502AEF}.Debug|iPhoneSimulator.Deploy.0 = Debug|Any CPU
		{E0352F51-15BB-4235-B1BC-B8DBF4502AEF}.MonoDroidDebug|Any CPU.ActiveCfg = Debug|Any CPU
		{E0352F51-15BB-4235-B1BC-B8DBF4502AEF}.MonoDroidDebug|Any CPU.Build.0 = Debug|Any CPU
		{E0352F51-15BB-4235-B1BC-B8DBF4502AEF}.MonoDroidDebug|Any CPU.Deploy.0 = Debug|Any CPU
		{E0352F51-15BB-4235-B1BC-B8DBF4502AEF}.MonoDroidDebug|iPhone.ActiveCfg = Debug|Any CPU
		{E0352F51-15BB-4235-B1BC-B8DBF4502AEF}.MonoDroidDebug|iPhone.Build.0 = Debug|Any CPU
		{E0352F51-15BB-4235-B1BC-B8DBF4502AEF}.MonoDroidDebug|iPhone.Deploy.0 = Debug|Any CPU
		{E0352F51-15BB-4235-B1BC-B8DBF4502AEF}.MonoDroidDebug|iPhoneSimulator.ActiveCfg = Debug|Any CPU
		{E0352F51-15BB-4235-B1BC-B8DBF4502AEF}.MonoDroidDebug|iPhoneSimulator.Build.0 = Debug|Any CPU
		{E0352F51-15BB-4235-B1BC-B8DBF4502AEF}.MonoDroidDebug|iPhoneSimulator.Deploy.0 = Debug|Any CPU
		{E0352F51-15BB-4235-B1BC-B8DBF4502AEF}.Release|Any CPU.ActiveCfg = Release|Any CPU
		{E0352F51-15BB-4235-B1BC-B8DBF4502AEF}.Release|Any CPU.Build.0 = Release|Any CPU
		{E0352F51-15BB-4235-B1BC-B8DBF4502AEF}.Release|Any CPU.Deploy.0 = Release|Any CPU
		{E0352F51-15BB-4235-B1BC-B8DBF4502AEF}.Release|iPhone.ActiveCfg = Release|Any CPU
		{E0352F51-15BB-4235-B1BC-B8DBF4502AEF}.Release|iPhone.Build.0 = Release|Any CPU
		{E0352F51-15BB-4235-B1BC-B8DBF4502AEF}.Release|iPhone.Deploy.0 = Release|Any CPU
		{E0352F51-15BB-4235-B1BC-B8DBF4502AEF}.Release|iPhoneSimulator.ActiveCfg = Release|Any CPU
		{E0352F51-15BB-4235-B1BC-B8DBF4502AEF}.Release|iPhoneSimulator.Build.0 = Release|Any CPU
		{E0352F51-15BB-4235-B1BC-B8DBF4502AEF}.Release|iPhoneSimulator.Deploy.0 = Release|Any CPU
		{4F504AB1-4F5F-4B8A-B90F-ACBD5CBC2201}.Ad-Hoc|Any CPU.ActiveCfg = Ad-Hoc|iPhone
		{4F504AB1-4F5F-4B8A-B90F-ACBD5CBC2201}.Ad-Hoc|iPhone.ActiveCfg = Ad-Hoc|iPhone
		{4F504AB1-4F5F-4B8A-B90F-ACBD5CBC2201}.Ad-Hoc|iPhone.Build.0 = Ad-Hoc|iPhone
		{4F504AB1-4F5F-4B8A-B90F-ACBD5CBC2201}.Ad-Hoc|iPhoneSimulator.ActiveCfg = Ad-Hoc|iPhoneSimulator
		{4F504AB1-4F5F-4B8A-B90F-ACBD5CBC2201}.Ad-Hoc|iPhoneSimulator.Build.0 = Ad-Hoc|iPhoneSimulator
		{4F504AB1-4F5F-4B8A-B90F-ACBD5CBC2201}.AppStore|Any CPU.ActiveCfg = AppStore|iPhone
		{4F504AB1-4F5F-4B8A-B90F-ACBD5CBC2201}.AppStore|iPhone.ActiveCfg = AppStore|iPhone
		{4F504AB1-4F5F-4B8A-B90F-ACBD5CBC2201}.AppStore|iPhone.Build.0 = AppStore|iPhone
		{4F504AB1-4F5F-4B8A-B90F-ACBD5CBC2201}.AppStore|iPhoneSimulator.ActiveCfg = AppStore|iPhoneSimulator
		{4F504AB1-4F5F-4B8A-B90F-ACBD5CBC2201}.AppStore|iPhoneSimulator.Build.0 = AppStore|iPhoneSimulator
		{4F504AB1-4F5F-4B8A-B90F-ACBD5CBC2201}.Debug|Any CPU.ActiveCfg = Debug|iPhone
		{4F504AB1-4F5F-4B8A-B90F-ACBD5CBC2201}.Debug|iPhone.ActiveCfg = Debug|iPhone
		{4F504AB1-4F5F-4B8A-B90F-ACBD5CBC2201}.Debug|iPhone.Build.0 = Debug|iPhone
		{4F504AB1-4F5F-4B8A-B90F-ACBD5CBC2201}.Debug|iPhoneSimulator.ActiveCfg = Debug|iPhoneSimulator
		{4F504AB1-4F5F-4B8A-B90F-ACBD5CBC2201}.Debug|iPhoneSimulator.Build.0 = Debug|iPhoneSimulator
		{4F504AB1-4F5F-4B8A-B90F-ACBD5CBC2201}.MonoDroidDebug|Any CPU.ActiveCfg = AppStore|iPhone
		{4F504AB1-4F5F-4B8A-B90F-ACBD5CBC2201}.MonoDroidDebug|Any CPU.Build.0 = AppStore|iPhone
		{4F504AB1-4F5F-4B8A-B90F-ACBD5CBC2201}.MonoDroidDebug|iPhone.ActiveCfg = Debug|iPhone
		{4F504AB1-4F5F-4B8A-B90F-ACBD5CBC2201}.MonoDroidDebug|iPhone.Build.0 = Debug|iPhone
		{4F504AB1-4F5F-4B8A-B90F-ACBD5CBC2201}.MonoDroidDebug|iPhoneSimulator.ActiveCfg = Debug|iPhoneSimulator
		{4F504AB1-4F5F-4B8A-B90F-ACBD5CBC2201}.MonoDroidDebug|iPhoneSimulator.Build.0 = Debug|iPhoneSimulator
		{4F504AB1-4F5F-4B8A-B90F-ACBD5CBC2201}.Release|Any CPU.ActiveCfg = Release|iPhone
		{4F504AB1-4F5F-4B8A-B90F-ACBD5CBC2201}.Release|iPhone.ActiveCfg = Release|iPhone
		{4F504AB1-4F5F-4B8A-B90F-ACBD5CBC2201}.Release|iPhone.Build.0 = Release|iPhone
		{4F504AB1-4F5F-4B8A-B90F-ACBD5CBC2201}.Release|iPhoneSimulator.ActiveCfg = Release|iPhoneSimulator
		{4F504AB1-4F5F-4B8A-B90F-ACBD5CBC2201}.Release|iPhoneSimulator.Build.0 = Release|iPhoneSimulator
	EndGlobalSection
	GlobalSection(SolutionProperties) = preSolution
		HideSolutionNode = FALSE
	EndGlobalSection
EndGlobal
