
Microsoft Visual Studio Solution File, Format Version 12.00
# Visual Studio 14
VisualStudioVersion = 14.0.25123.0
MinimumVisualStudioVersion = 10.0.40219.1
Project("{FAE04EC0-301F-11D3-BF4B-00C04F79EFBC}") = "TheBallWorkerConsole", "Apps\TheBallWorkerConsole\TheBallWorkerConsole.csproj", "{C5D4D065-D884-4590-A3F5-BB2566C0A890}"
EndProject
Project("{FAE04EC0-301F-11D3-BF4B-00C04F79EFBC}") = "AzureSupport", "Apps\AzureSupport\AzureSupport.csproj", "{33F04EB2-55DE-4539-8E67-152A6057F100}"
EndProject
Project("{FAE04EC0-301F-11D3-BF4B-00C04F79EFBC}") = "LuceneSupport", "Apps\LuceneSupport\LuceneSupport.csproj", "{2B3C7CB7-D7F2-420A-8361-BE8FD12C2E30}"
EndProject
Project("{FAE04EC0-301F-11D3-BF4B-00C04F79EFBC}") = "SQLiteSupport", "Apps\SQLiteSupport\SQLiteSupport.csproj", "{4944D743-F381-471E-980B-54D8387F5478}"
EndProject
Project("{FAE04EC0-301F-11D3-BF4B-00C04F79EFBC}") = "SecuritySupport", "Apps\SecuritySupport\SecuritySupport.csproj", "{FE40FC1C-284E-4F91-B00F-5CCA71846208}"
EndProject
Project("{FAE04EC0-301F-11D3-BF4B-00C04F79EFBC}") = "VirtualStorage", "Apps\VirtualStorage\VirtualStorage.csproj", "{C11070CD-4E20-4C7B-9B9B-D9E5F7FEACA7}"
EndProject
Project("{D954291E-2A0B-460D-934E-DC6B0785DB48}") = "InstanceSupport", "SharedProjects\InstanceSupport\InstanceSupport.shproj", "{3E4EA4B4-8B6D-4422-BC92-2D291E967AA0}"
EndProject
Project("{FAE04EC0-301F-11D3-BF4B-00C04F79EFBC}") = "PlatformCoreTests", "Tests\PlatformCoreTests\PlatformCoreTests.csproj", "{4834257C-F8D3-42BE-8C22-DCD19F5DFCFA}"
EndProject
Project("{2150E333-8FDC-42A3-9474-1A3956D46DE8}") = "Solution Items", "Solution Items", "{DD441353-0628-430F-B197-8175CC6A755D}"
	ProjectSection(SolutionItems) = preProject
		Build.testsettings = Build.testsettings
	EndProjectSection
EndProject
Global
	GlobalSection(SharedMSBuildProjectFiles) = preSolution
		SharedProjects\InstanceSupport\InstanceSupport.projitems*{3e4ea4b4-8b6d-4422-bc92-2d291e967aa0}*SharedItemsImports = 13
		SharedProjects\InstanceSupport\InstanceSupport.projitems*{33f04eb2-55de-4539-8e67-152a6057f100}*SharedItemsImports = 4
	EndGlobalSection
	GlobalSection(SolutionConfigurationPlatforms) = preSolution
		Debug|Any CPU = Debug|Any CPU
		Debug|x86 = Debug|x86
		NuGetDebug|Any CPU = NuGetDebug|Any CPU
		NuGetDebug|x86 = NuGetDebug|x86
		Release|Any CPU = Release|Any CPU
		Release|x86 = Release|x86
	EndGlobalSection
	GlobalSection(ProjectConfigurationPlatforms) = postSolution
		{C5D4D065-D884-4590-A3F5-BB2566C0A890}.Debug|Any CPU.ActiveCfg = Debug|Any CPU
		{C5D4D065-D884-4590-A3F5-BB2566C0A890}.Debug|Any CPU.Build.0 = Debug|Any CPU
		{C5D4D065-D884-4590-A3F5-BB2566C0A890}.Debug|x86.ActiveCfg = Debug|Any CPU
		{C5D4D065-D884-4590-A3F5-BB2566C0A890}.Debug|x86.Build.0 = Debug|Any CPU
		{C5D4D065-D884-4590-A3F5-BB2566C0A890}.NuGetDebug|Any CPU.ActiveCfg = Debug|Any CPU
		{C5D4D065-D884-4590-A3F5-BB2566C0A890}.NuGetDebug|Any CPU.Build.0 = Debug|Any CPU
		{C5D4D065-D884-4590-A3F5-BB2566C0A890}.NuGetDebug|x86.ActiveCfg = Debug|Any CPU
		{C5D4D065-D884-4590-A3F5-BB2566C0A890}.NuGetDebug|x86.Build.0 = Debug|Any CPU
		{C5D4D065-D884-4590-A3F5-BB2566C0A890}.Release|Any CPU.ActiveCfg = Release|Any CPU
		{C5D4D065-D884-4590-A3F5-BB2566C0A890}.Release|Any CPU.Build.0 = Release|Any CPU
		{C5D4D065-D884-4590-A3F5-BB2566C0A890}.Release|x86.ActiveCfg = Release|Any CPU
		{C5D4D065-D884-4590-A3F5-BB2566C0A890}.Release|x86.Build.0 = Release|Any CPU
		{33F04EB2-55DE-4539-8E67-152A6057F100}.Debug|Any CPU.ActiveCfg = Debug|Any CPU
		{33F04EB2-55DE-4539-8E67-152A6057F100}.Debug|Any CPU.Build.0 = Debug|Any CPU
		{33F04EB2-55DE-4539-8E67-152A6057F100}.Debug|x86.ActiveCfg = Debug|Any CPU
		{33F04EB2-55DE-4539-8E67-152A6057F100}.Debug|x86.Build.0 = Debug|Any CPU
		{33F04EB2-55DE-4539-8E67-152A6057F100}.NuGetDebug|Any CPU.ActiveCfg = Debug|Any CPU
		{33F04EB2-55DE-4539-8E67-152A6057F100}.NuGetDebug|Any CPU.Build.0 = Debug|Any CPU
		{33F04EB2-55DE-4539-8E67-152A6057F100}.NuGetDebug|x86.ActiveCfg = Debug|Any CPU
		{33F04EB2-55DE-4539-8E67-152A6057F100}.NuGetDebug|x86.Build.0 = Debug|Any CPU
		{33F04EB2-55DE-4539-8E67-152A6057F100}.Release|Any CPU.ActiveCfg = Release|Any CPU
		{33F04EB2-55DE-4539-8E67-152A6057F100}.Release|Any CPU.Build.0 = Release|Any CPU
		{33F04EB2-55DE-4539-8E67-152A6057F100}.Release|x86.ActiveCfg = Release|Any CPU
		{33F04EB2-55DE-4539-8E67-152A6057F100}.Release|x86.Build.0 = Release|Any CPU
		{2B3C7CB7-D7F2-420A-8361-BE8FD12C2E30}.Debug|Any CPU.ActiveCfg = Debug|Any CPU
		{2B3C7CB7-D7F2-420A-8361-BE8FD12C2E30}.Debug|Any CPU.Build.0 = Debug|Any CPU
		{2B3C7CB7-D7F2-420A-8361-BE8FD12C2E30}.Debug|x86.ActiveCfg = Debug|Any CPU
		{2B3C7CB7-D7F2-420A-8361-BE8FD12C2E30}.Debug|x86.Build.0 = Debug|Any CPU
		{2B3C7CB7-D7F2-420A-8361-BE8FD12C2E30}.NuGetDebug|Any CPU.ActiveCfg = Debug|Any CPU
		{2B3C7CB7-D7F2-420A-8361-BE8FD12C2E30}.NuGetDebug|Any CPU.Build.0 = Debug|Any CPU
		{2B3C7CB7-D7F2-420A-8361-BE8FD12C2E30}.NuGetDebug|x86.ActiveCfg = Debug|Any CPU
		{2B3C7CB7-D7F2-420A-8361-BE8FD12C2E30}.NuGetDebug|x86.Build.0 = Debug|Any CPU
		{2B3C7CB7-D7F2-420A-8361-BE8FD12C2E30}.Release|Any CPU.ActiveCfg = Release|Any CPU
		{2B3C7CB7-D7F2-420A-8361-BE8FD12C2E30}.Release|Any CPU.Build.0 = Release|Any CPU
		{2B3C7CB7-D7F2-420A-8361-BE8FD12C2E30}.Release|x86.ActiveCfg = Release|Any CPU
		{2B3C7CB7-D7F2-420A-8361-BE8FD12C2E30}.Release|x86.Build.0 = Release|Any CPU
		{4944D743-F381-471E-980B-54D8387F5478}.Debug|Any CPU.ActiveCfg = Debug|Any CPU
		{4944D743-F381-471E-980B-54D8387F5478}.Debug|Any CPU.Build.0 = Debug|Any CPU
		{4944D743-F381-471E-980B-54D8387F5478}.Debug|x86.ActiveCfg = Debug|Any CPU
		{4944D743-F381-471E-980B-54D8387F5478}.Debug|x86.Build.0 = Debug|Any CPU
		{4944D743-F381-471E-980B-54D8387F5478}.NuGetDebug|Any CPU.ActiveCfg = Debug|Any CPU
		{4944D743-F381-471E-980B-54D8387F5478}.NuGetDebug|Any CPU.Build.0 = Debug|Any CPU
		{4944D743-F381-471E-980B-54D8387F5478}.NuGetDebug|x86.ActiveCfg = Debug|Any CPU
		{4944D743-F381-471E-980B-54D8387F5478}.NuGetDebug|x86.Build.0 = Debug|Any CPU
		{4944D743-F381-471E-980B-54D8387F5478}.Release|Any CPU.ActiveCfg = Release|Any CPU
		{4944D743-F381-471E-980B-54D8387F5478}.Release|Any CPU.Build.0 = Release|Any CPU
		{4944D743-F381-471E-980B-54D8387F5478}.Release|x86.ActiveCfg = Release|Any CPU
		{4944D743-F381-471E-980B-54D8387F5478}.Release|x86.Build.0 = Release|Any CPU
		{FE40FC1C-284E-4F91-B00F-5CCA71846208}.Debug|Any CPU.ActiveCfg = Debug|Any CPU
		{FE40FC1C-284E-4F91-B00F-5CCA71846208}.Debug|Any CPU.Build.0 = Debug|Any CPU
		{FE40FC1C-284E-4F91-B00F-5CCA71846208}.Debug|x86.ActiveCfg = Debug|Any CPU
		{FE40FC1C-284E-4F91-B00F-5CCA71846208}.Debug|x86.Build.0 = Debug|Any CPU
		{FE40FC1C-284E-4F91-B00F-5CCA71846208}.NuGetDebug|Any CPU.ActiveCfg = Debug|Any CPU
		{FE40FC1C-284E-4F91-B00F-5CCA71846208}.NuGetDebug|Any CPU.Build.0 = Debug|Any CPU
		{FE40FC1C-284E-4F91-B00F-5CCA71846208}.NuGetDebug|x86.ActiveCfg = Debug|Any CPU
		{FE40FC1C-284E-4F91-B00F-5CCA71846208}.NuGetDebug|x86.Build.0 = Debug|Any CPU
		{FE40FC1C-284E-4F91-B00F-5CCA71846208}.Release|Any CPU.ActiveCfg = Release|Any CPU
		{FE40FC1C-284E-4F91-B00F-5CCA71846208}.Release|Any CPU.Build.0 = Release|Any CPU
		{FE40FC1C-284E-4F91-B00F-5CCA71846208}.Release|x86.ActiveCfg = Release|Any CPU
		{FE40FC1C-284E-4F91-B00F-5CCA71846208}.Release|x86.Build.0 = Release|Any CPU
		{C11070CD-4E20-4C7B-9B9B-D9E5F7FEACA7}.Debug|Any CPU.ActiveCfg = Debug|Any CPU
		{C11070CD-4E20-4C7B-9B9B-D9E5F7FEACA7}.Debug|Any CPU.Build.0 = Debug|Any CPU
		{C11070CD-4E20-4C7B-9B9B-D9E5F7FEACA7}.Debug|x86.ActiveCfg = Debug|Any CPU
		{C11070CD-4E20-4C7B-9B9B-D9E5F7FEACA7}.Debug|x86.Build.0 = Debug|Any CPU
		{C11070CD-4E20-4C7B-9B9B-D9E5F7FEACA7}.NuGetDebug|Any CPU.ActiveCfg = NuGetDebug|Any CPU
		{C11070CD-4E20-4C7B-9B9B-D9E5F7FEACA7}.NuGetDebug|Any CPU.Build.0 = NuGetDebug|Any CPU
		{C11070CD-4E20-4C7B-9B9B-D9E5F7FEACA7}.NuGetDebug|x86.ActiveCfg = NuGetDebug|Any CPU
		{C11070CD-4E20-4C7B-9B9B-D9E5F7FEACA7}.NuGetDebug|x86.Build.0 = NuGetDebug|Any CPU
		{C11070CD-4E20-4C7B-9B9B-D9E5F7FEACA7}.Release|Any CPU.ActiveCfg = Release|Any CPU
		{C11070CD-4E20-4C7B-9B9B-D9E5F7FEACA7}.Release|Any CPU.Build.0 = Release|Any CPU
		{C11070CD-4E20-4C7B-9B9B-D9E5F7FEACA7}.Release|x86.ActiveCfg = Release|Any CPU
		{C11070CD-4E20-4C7B-9B9B-D9E5F7FEACA7}.Release|x86.Build.0 = Release|Any CPU
		{4834257C-F8D3-42BE-8C22-DCD19F5DFCFA}.Debug|Any CPU.ActiveCfg = Debug|Any CPU
		{4834257C-F8D3-42BE-8C22-DCD19F5DFCFA}.Debug|Any CPU.Build.0 = Debug|Any CPU
		{4834257C-F8D3-42BE-8C22-DCD19F5DFCFA}.Debug|x86.ActiveCfg = Debug|x86
		{4834257C-F8D3-42BE-8C22-DCD19F5DFCFA}.Debug|x86.Build.0 = Debug|x86
		{4834257C-F8D3-42BE-8C22-DCD19F5DFCFA}.NuGetDebug|Any CPU.ActiveCfg = Debug|Any CPU
		{4834257C-F8D3-42BE-8C22-DCD19F5DFCFA}.NuGetDebug|Any CPU.Build.0 = Debug|Any CPU
		{4834257C-F8D3-42BE-8C22-DCD19F5DFCFA}.NuGetDebug|x86.ActiveCfg = Debug|x86
		{4834257C-F8D3-42BE-8C22-DCD19F5DFCFA}.NuGetDebug|x86.Build.0 = Debug|x86
		{4834257C-F8D3-42BE-8C22-DCD19F5DFCFA}.Release|Any CPU.ActiveCfg = Release|Any CPU
		{4834257C-F8D3-42BE-8C22-DCD19F5DFCFA}.Release|Any CPU.Build.0 = Release|Any CPU
		{4834257C-F8D3-42BE-8C22-DCD19F5DFCFA}.Release|x86.ActiveCfg = Release|x86
		{4834257C-F8D3-42BE-8C22-DCD19F5DFCFA}.Release|x86.Build.0 = Release|x86
	EndGlobalSection
	GlobalSection(SolutionProperties) = preSolution
		HideSolutionNode = FALSE
	EndGlobalSection
EndGlobal
