
Microsoft Visual Studio Solution File, Format Version 12.00
# Visual Studio 14
VisualStudioVersion = 14.0.25420.1
MinimumVisualStudioVersion = 10.0.40219.1
Project("{2150E333-8FDC-42A3-9474-1A3956D46DE8}") = "Abstractions", "Abstractions", "{D0EF7B40-E356-470F-886A-5AB58C98950A}"
EndProject
Project("{2150E333-8FDC-42A3-9474-1A3956D46DE8}") = "Apps", "Apps", "{C4897F31-5833-49AA-B9DC-703FC5D8C0E1}"
EndProject
Project("{2150E333-8FDC-42A3-9474-1A3956D46DE8}") = ".nuget", ".nuget", "{3DE89F95-CE95-4F5C-8796-09762C68106B}"
	ProjectSection(SolutionItems) = preProject
		.nuget\packages.config = .nuget\packages.config
	EndProjectSection
EndProject
Project("{2150E333-8FDC-42A3-9474-1A3956D46DE8}") = "Tools", "Tools", "{89AD2678-AAC2-4108-B018-B6EC19A4A042}"
EndProject
Project("{FAE04EC0-301F-11D3-BF4B-00C04F79EFBC}") = "TheBallTool", "Tools\TheBallTool\TheBallTool.csproj", "{5377CB63-1979-4596-A1F4-DF9417C9B037}"
EndProject
Project("{FAE04EC0-301F-11D3-BF4B-00C04F79EFBC}") = "AzureSupport", "Apps\AzureSupport\AzureSupport.csproj", "{33F04EB2-55DE-4539-8E67-152A6057F100}"
EndProject
Project("{FAE04EC0-301F-11D3-BF4B-00C04F79EFBC}") = "WebInterface", "Apps\WebInterface\WebInterface.csproj", "{639EF079-5944-480A-BF5B-691B3F133507}"
EndProject
Project("{FAE04EC0-301F-11D3-BF4B-00C04F79EFBC}") = "AbstractionContent", "Abstractions\AbstractionContent\AbstractionContent.csproj", "{3A9EEC93-0E0B-4740-853F-ACD9397E3E46}"
EndProject
Project("{FAE04EC0-301F-11D3-BF4B-00C04F79EFBC}") = "WebTemplateManager", "Tools\WebTemplateManager\WebTemplateManager.csproj", "{37BBF002-DC1F-40EE-9F04-4C5DF50F892D}"
EndProject
Project("{FAE04EC0-301F-11D3-BF4B-00C04F79EFBC}") = "SecuritySupport", "Apps\SecuritySupport\SecuritySupport.csproj", "{FE40FC1C-284E-4F91-B00F-5CCA71846208}"
EndProject
Project("{2150E333-8FDC-42A3-9474-1A3956D46DE8}") = "Modules", "Modules", "{DC9F1304-69FB-448A-BA7A-B3BB1F00A688}"
EndProject
Project("{FAE04EC0-301F-11D3-BF4B-00C04F79EFBC}") = "LuceneSupport", "Apps\LuceneSupport\LuceneSupport.csproj", "{2B3C7CB7-D7F2-420A-8361-BE8FD12C2E30}"
EndProject
Project("{FAE04EC0-301F-11D3-BF4B-00C04F79EFBC}") = "SQLiteSupport", "Apps\SQLiteSupport\SQLiteSupport.csproj", "{4944D743-F381-471E-980B-54D8387F5478}"
EndProject
Project("{2150E333-8FDC-42A3-9474-1A3956D46DE8}") = "Tests", "Tests", "{729DDCC1-5D06-448D-9490-94F1AA750C2B}"
EndProject
Project("{FAE04EC0-301F-11D3-BF4B-00C04F79EFBC}") = "PlatformCoreTests", "Tests\PlatformCoreTests\PlatformCoreTests.csproj", "{4834257C-F8D3-42BE-8C22-DCD19F5DFCFA}"
EndProject
Project("{2150E333-8FDC-42A3-9474-1A3956D46DE8}") = "Solution Items", "Solution Items", "{6B8D540D-11A2-41E7-AFA5-C034A1D9F633}"
	ProjectSection(SolutionItems) = preProject
		Build.testsettings = Build.testsettings
	EndProjectSection
EndProject
Project("{FAE04EC0-301F-11D3-BF4B-00C04F79EFBC}") = "VirtualStorage", "Apps\VirtualStorage\VirtualStorage.csproj", "{C11070CD-4E20-4C7B-9B9B-D9E5F7FEACA7}"
EndProject
Project("{FAE04EC0-301F-11D3-BF4B-00C04F79EFBC}") = "TheBallWorkerConsole", "Apps\TheBallWorkerConsole\TheBallWorkerConsole.csproj", "{C5D4D065-D884-4590-A3F5-BB2566C0A890}"
EndProject
Project("{2150E333-8FDC-42A3-9474-1A3956D46DE8}") = "SharedProjects", "SharedProjects", "{85C8A69D-C362-4E72-A24D-04ED771CFA7F}"
EndProject
Project("{D954291E-2A0B-460D-934E-DC6B0785DB48}") = "InstanceSupport", "SharedProjects\InstanceSupport\InstanceSupport.shproj", "{3E4EA4B4-8B6D-4422-BC92-2D291E967AA0}"
EndProject
Global
	GlobalSection(SharedMSBuildProjectFiles) = preSolution
		Apps\BlobStorageSupport\BlobStorageSupport.projitems*{33f04eb2-55de-4539-8e67-152a6057f100}*SharedItemsImports = 4
		SharedProjects\InstanceSupport\InstanceSupport.projitems*{33f04eb2-55de-4539-8e67-152a6057f100}*SharedItemsImports = 4
		SharedProjects\InstanceSupport\InstanceSupport.projitems*{3e4ea4b4-8b6d-4422-bc92-2d291e967aa0}*SharedItemsImports = 13
	EndGlobalSection
	GlobalSection(SolutionConfigurationPlatforms) = preSolution
		Debug|Any CPU = Debug|Any CPU
		Debug|Mixed Platforms = Debug|Mixed Platforms
		Debug|x86 = Debug|x86
		Release|Any CPU = Release|Any CPU
		Release|Mixed Platforms = Release|Mixed Platforms
		Release|x86 = Release|x86
	EndGlobalSection
	GlobalSection(ProjectConfigurationPlatforms) = postSolution
		{5377CB63-1979-4596-A1F4-DF9417C9B037}.Debug|Any CPU.ActiveCfg = Debug|x86
		{5377CB63-1979-4596-A1F4-DF9417C9B037}.Debug|Any CPU.Build.0 = Debug|x86
		{5377CB63-1979-4596-A1F4-DF9417C9B037}.Debug|Mixed Platforms.ActiveCfg = Debug|x86
		{5377CB63-1979-4596-A1F4-DF9417C9B037}.Debug|Mixed Platforms.Build.0 = Debug|x86
		{5377CB63-1979-4596-A1F4-DF9417C9B037}.Debug|x86.ActiveCfg = Debug|x86
		{5377CB63-1979-4596-A1F4-DF9417C9B037}.Debug|x86.Build.0 = Debug|x86
		{5377CB63-1979-4596-A1F4-DF9417C9B037}.Release|Any CPU.ActiveCfg = Release|x86
		{5377CB63-1979-4596-A1F4-DF9417C9B037}.Release|Any CPU.Build.0 = Release|x86
		{5377CB63-1979-4596-A1F4-DF9417C9B037}.Release|Mixed Platforms.ActiveCfg = Release|x86
		{5377CB63-1979-4596-A1F4-DF9417C9B037}.Release|Mixed Platforms.Build.0 = Release|x86
		{5377CB63-1979-4596-A1F4-DF9417C9B037}.Release|x86.ActiveCfg = Release|x86
		{5377CB63-1979-4596-A1F4-DF9417C9B037}.Release|x86.Build.0 = Release|x86
		{33F04EB2-55DE-4539-8E67-152A6057F100}.Debug|Any CPU.ActiveCfg = Debug|Any CPU
		{33F04EB2-55DE-4539-8E67-152A6057F100}.Debug|Any CPU.Build.0 = Debug|Any CPU
		{33F04EB2-55DE-4539-8E67-152A6057F100}.Debug|Mixed Platforms.ActiveCfg = Debug|Any CPU
		{33F04EB2-55DE-4539-8E67-152A6057F100}.Debug|Mixed Platforms.Build.0 = Debug|Any CPU
		{33F04EB2-55DE-4539-8E67-152A6057F100}.Debug|x86.ActiveCfg = Debug|Any CPU
		{33F04EB2-55DE-4539-8E67-152A6057F100}.Debug|x86.Build.0 = Debug|Any CPU
		{33F04EB2-55DE-4539-8E67-152A6057F100}.Release|Any CPU.ActiveCfg = Release|Any CPU
		{33F04EB2-55DE-4539-8E67-152A6057F100}.Release|Any CPU.Build.0 = Release|Any CPU
		{33F04EB2-55DE-4539-8E67-152A6057F100}.Release|Mixed Platforms.ActiveCfg = Release|Any CPU
		{33F04EB2-55DE-4539-8E67-152A6057F100}.Release|Mixed Platforms.Build.0 = Release|Any CPU
		{33F04EB2-55DE-4539-8E67-152A6057F100}.Release|x86.ActiveCfg = Release|Any CPU
		{33F04EB2-55DE-4539-8E67-152A6057F100}.Release|x86.Build.0 = Release|Any CPU
		{639EF079-5944-480A-BF5B-691B3F133507}.Debug|Any CPU.ActiveCfg = Debug|Any CPU
		{639EF079-5944-480A-BF5B-691B3F133507}.Debug|Any CPU.Build.0 = Debug|Any CPU
		{639EF079-5944-480A-BF5B-691B3F133507}.Debug|Mixed Platforms.ActiveCfg = Debug|Any CPU
		{639EF079-5944-480A-BF5B-691B3F133507}.Debug|Mixed Platforms.Build.0 = Debug|Any CPU
		{639EF079-5944-480A-BF5B-691B3F133507}.Debug|x86.ActiveCfg = Debug|Any CPU
		{639EF079-5944-480A-BF5B-691B3F133507}.Debug|x86.Build.0 = Debug|Any CPU
		{639EF079-5944-480A-BF5B-691B3F133507}.Release|Any CPU.ActiveCfg = Release|Any CPU
		{639EF079-5944-480A-BF5B-691B3F133507}.Release|Any CPU.Build.0 = Release|Any CPU
		{639EF079-5944-480A-BF5B-691B3F133507}.Release|Mixed Platforms.ActiveCfg = Release|Any CPU
		{639EF079-5944-480A-BF5B-691B3F133507}.Release|Mixed Platforms.Build.0 = Release|Any CPU
		{639EF079-5944-480A-BF5B-691B3F133507}.Release|x86.ActiveCfg = Release|Any CPU
		{639EF079-5944-480A-BF5B-691B3F133507}.Release|x86.Build.0 = Release|Any CPU
		{3A9EEC93-0E0B-4740-853F-ACD9397E3E46}.Debug|Any CPU.ActiveCfg = Debug|Any CPU
		{3A9EEC93-0E0B-4740-853F-ACD9397E3E46}.Debug|Any CPU.Build.0 = Debug|Any CPU
		{3A9EEC93-0E0B-4740-853F-ACD9397E3E46}.Debug|Mixed Platforms.ActiveCfg = Debug|Any CPU
		{3A9EEC93-0E0B-4740-853F-ACD9397E3E46}.Debug|Mixed Platforms.Build.0 = Debug|Any CPU
		{3A9EEC93-0E0B-4740-853F-ACD9397E3E46}.Debug|x86.ActiveCfg = Debug|Any CPU
		{3A9EEC93-0E0B-4740-853F-ACD9397E3E46}.Release|Any CPU.ActiveCfg = Release|Any CPU
		{3A9EEC93-0E0B-4740-853F-ACD9397E3E46}.Release|Any CPU.Build.0 = Release|Any CPU
		{3A9EEC93-0E0B-4740-853F-ACD9397E3E46}.Release|Mixed Platforms.ActiveCfg = Release|Any CPU
		{3A9EEC93-0E0B-4740-853F-ACD9397E3E46}.Release|Mixed Platforms.Build.0 = Release|Any CPU
		{3A9EEC93-0E0B-4740-853F-ACD9397E3E46}.Release|x86.ActiveCfg = Release|Any CPU
		{37BBF002-DC1F-40EE-9F04-4C5DF50F892D}.Debug|Any CPU.ActiveCfg = Debug|Any CPU
		{37BBF002-DC1F-40EE-9F04-4C5DF50F892D}.Debug|Any CPU.Build.0 = Debug|Any CPU
		{37BBF002-DC1F-40EE-9F04-4C5DF50F892D}.Debug|Mixed Platforms.ActiveCfg = Debug|Any CPU
		{37BBF002-DC1F-40EE-9F04-4C5DF50F892D}.Debug|Mixed Platforms.Build.0 = Debug|Any CPU
		{37BBF002-DC1F-40EE-9F04-4C5DF50F892D}.Debug|x86.ActiveCfg = Debug|Any CPU
		{37BBF002-DC1F-40EE-9F04-4C5DF50F892D}.Release|Any CPU.ActiveCfg = Release|Any CPU
		{37BBF002-DC1F-40EE-9F04-4C5DF50F892D}.Release|Any CPU.Build.0 = Release|Any CPU
		{37BBF002-DC1F-40EE-9F04-4C5DF50F892D}.Release|Mixed Platforms.ActiveCfg = Release|Any CPU
		{37BBF002-DC1F-40EE-9F04-4C5DF50F892D}.Release|Mixed Platforms.Build.0 = Release|Any CPU
		{37BBF002-DC1F-40EE-9F04-4C5DF50F892D}.Release|x86.ActiveCfg = Release|Any CPU
		{FE40FC1C-284E-4F91-B00F-5CCA71846208}.Debug|Any CPU.ActiveCfg = Debug|Any CPU
		{FE40FC1C-284E-4F91-B00F-5CCA71846208}.Debug|Any CPU.Build.0 = Debug|Any CPU
		{FE40FC1C-284E-4F91-B00F-5CCA71846208}.Debug|Mixed Platforms.ActiveCfg = Debug|Any CPU
		{FE40FC1C-284E-4F91-B00F-5CCA71846208}.Debug|Mixed Platforms.Build.0 = Debug|Any CPU
		{FE40FC1C-284E-4F91-B00F-5CCA71846208}.Debug|x86.ActiveCfg = Debug|Any CPU
		{FE40FC1C-284E-4F91-B00F-5CCA71846208}.Release|Any CPU.ActiveCfg = Release|Any CPU
		{FE40FC1C-284E-4F91-B00F-5CCA71846208}.Release|Any CPU.Build.0 = Release|Any CPU
		{FE40FC1C-284E-4F91-B00F-5CCA71846208}.Release|Mixed Platforms.ActiveCfg = Release|Any CPU
		{FE40FC1C-284E-4F91-B00F-5CCA71846208}.Release|Mixed Platforms.Build.0 = Release|Any CPU
		{FE40FC1C-284E-4F91-B00F-5CCA71846208}.Release|x86.ActiveCfg = Release|Any CPU
		{2B3C7CB7-D7F2-420A-8361-BE8FD12C2E30}.Debug|Any CPU.ActiveCfg = Debug|Any CPU
		{2B3C7CB7-D7F2-420A-8361-BE8FD12C2E30}.Debug|Any CPU.Build.0 = Debug|Any CPU
		{2B3C7CB7-D7F2-420A-8361-BE8FD12C2E30}.Debug|Mixed Platforms.ActiveCfg = Debug|Any CPU
		{2B3C7CB7-D7F2-420A-8361-BE8FD12C2E30}.Debug|Mixed Platforms.Build.0 = Debug|Any CPU
		{2B3C7CB7-D7F2-420A-8361-BE8FD12C2E30}.Debug|x86.ActiveCfg = Debug|Any CPU
		{2B3C7CB7-D7F2-420A-8361-BE8FD12C2E30}.Release|Any CPU.ActiveCfg = Release|Any CPU
		{2B3C7CB7-D7F2-420A-8361-BE8FD12C2E30}.Release|Any CPU.Build.0 = Release|Any CPU
		{2B3C7CB7-D7F2-420A-8361-BE8FD12C2E30}.Release|Mixed Platforms.ActiveCfg = Release|Any CPU
		{2B3C7CB7-D7F2-420A-8361-BE8FD12C2E30}.Release|Mixed Platforms.Build.0 = Release|Any CPU
		{2B3C7CB7-D7F2-420A-8361-BE8FD12C2E30}.Release|x86.ActiveCfg = Release|Any CPU
		{4944D743-F381-471E-980B-54D8387F5478}.Debug|Any CPU.ActiveCfg = Debug|Any CPU
		{4944D743-F381-471E-980B-54D8387F5478}.Debug|Any CPU.Build.0 = Debug|Any CPU
		{4944D743-F381-471E-980B-54D8387F5478}.Debug|Mixed Platforms.ActiveCfg = Debug|Any CPU
		{4944D743-F381-471E-980B-54D8387F5478}.Debug|Mixed Platforms.Build.0 = Debug|Any CPU
		{4944D743-F381-471E-980B-54D8387F5478}.Debug|x86.ActiveCfg = Debug|Any CPU
		{4944D743-F381-471E-980B-54D8387F5478}.Release|Any CPU.ActiveCfg = Release|Any CPU
		{4944D743-F381-471E-980B-54D8387F5478}.Release|Any CPU.Build.0 = Release|Any CPU
		{4944D743-F381-471E-980B-54D8387F5478}.Release|Mixed Platforms.ActiveCfg = Release|Any CPU
		{4944D743-F381-471E-980B-54D8387F5478}.Release|Mixed Platforms.Build.0 = Release|Any CPU
		{4944D743-F381-471E-980B-54D8387F5478}.Release|x86.ActiveCfg = Release|Any CPU
		{4834257C-F8D3-42BE-8C22-DCD19F5DFCFA}.Debug|Any CPU.ActiveCfg = Debug|Any CPU
		{4834257C-F8D3-42BE-8C22-DCD19F5DFCFA}.Debug|Any CPU.Build.0 = Debug|Any CPU
		{4834257C-F8D3-42BE-8C22-DCD19F5DFCFA}.Debug|Mixed Platforms.ActiveCfg = Debug|Any CPU
		{4834257C-F8D3-42BE-8C22-DCD19F5DFCFA}.Debug|Mixed Platforms.Build.0 = Debug|Any CPU
		{4834257C-F8D3-42BE-8C22-DCD19F5DFCFA}.Debug|x86.ActiveCfg = Debug|Any CPU
		{4834257C-F8D3-42BE-8C22-DCD19F5DFCFA}.Release|Any CPU.ActiveCfg = Release|Any CPU
		{4834257C-F8D3-42BE-8C22-DCD19F5DFCFA}.Release|Any CPU.Build.0 = Release|Any CPU
		{4834257C-F8D3-42BE-8C22-DCD19F5DFCFA}.Release|Mixed Platforms.ActiveCfg = Release|Any CPU
		{4834257C-F8D3-42BE-8C22-DCD19F5DFCFA}.Release|Mixed Platforms.Build.0 = Release|Any CPU
		{4834257C-F8D3-42BE-8C22-DCD19F5DFCFA}.Release|x86.ActiveCfg = Release|Any CPU
		{C11070CD-4E20-4C7B-9B9B-D9E5F7FEACA7}.Debug|Any CPU.ActiveCfg = Debug|Any CPU
		{C11070CD-4E20-4C7B-9B9B-D9E5F7FEACA7}.Debug|Any CPU.Build.0 = Debug|Any CPU
		{C11070CD-4E20-4C7B-9B9B-D9E5F7FEACA7}.Debug|Mixed Platforms.ActiveCfg = Debug|Any CPU
		{C11070CD-4E20-4C7B-9B9B-D9E5F7FEACA7}.Debug|Mixed Platforms.Build.0 = Debug|Any CPU
		{C11070CD-4E20-4C7B-9B9B-D9E5F7FEACA7}.Debug|x86.ActiveCfg = Debug|Any CPU
		{C11070CD-4E20-4C7B-9B9B-D9E5F7FEACA7}.Debug|x86.Build.0 = Debug|Any CPU
		{C11070CD-4E20-4C7B-9B9B-D9E5F7FEACA7}.Release|Any CPU.ActiveCfg = Release|Any CPU
		{C11070CD-4E20-4C7B-9B9B-D9E5F7FEACA7}.Release|Any CPU.Build.0 = Release|Any CPU
		{C11070CD-4E20-4C7B-9B9B-D9E5F7FEACA7}.Release|Mixed Platforms.ActiveCfg = Release|Any CPU
		{C11070CD-4E20-4C7B-9B9B-D9E5F7FEACA7}.Release|Mixed Platforms.Build.0 = Release|Any CPU
		{C11070CD-4E20-4C7B-9B9B-D9E5F7FEACA7}.Release|x86.ActiveCfg = Release|Any CPU
		{C11070CD-4E20-4C7B-9B9B-D9E5F7FEACA7}.Release|x86.Build.0 = Release|Any CPU
		{C5D4D065-D884-4590-A3F5-BB2566C0A890}.Debug|Any CPU.ActiveCfg = Debug|Any CPU
		{C5D4D065-D884-4590-A3F5-BB2566C0A890}.Debug|Any CPU.Build.0 = Debug|Any CPU
		{C5D4D065-D884-4590-A3F5-BB2566C0A890}.Debug|Mixed Platforms.ActiveCfg = Debug|Any CPU
		{C5D4D065-D884-4590-A3F5-BB2566C0A890}.Debug|Mixed Platforms.Build.0 = Debug|Any CPU
		{C5D4D065-D884-4590-A3F5-BB2566C0A890}.Debug|x86.ActiveCfg = Debug|Any CPU
		{C5D4D065-D884-4590-A3F5-BB2566C0A890}.Debug|x86.Build.0 = Debug|Any CPU
		{C5D4D065-D884-4590-A3F5-BB2566C0A890}.Release|Any CPU.ActiveCfg = Release|Any CPU
		{C5D4D065-D884-4590-A3F5-BB2566C0A890}.Release|Any CPU.Build.0 = Release|Any CPU
		{C5D4D065-D884-4590-A3F5-BB2566C0A890}.Release|Mixed Platforms.ActiveCfg = Release|Any CPU
		{C5D4D065-D884-4590-A3F5-BB2566C0A890}.Release|Mixed Platforms.Build.0 = Release|Any CPU
		{C5D4D065-D884-4590-A3F5-BB2566C0A890}.Release|x86.ActiveCfg = Release|Any CPU
		{C5D4D065-D884-4590-A3F5-BB2566C0A890}.Release|x86.Build.0 = Release|Any CPU
	EndGlobalSection
	GlobalSection(SolutionProperties) = preSolution
		HideSolutionNode = FALSE
	EndGlobalSection
	GlobalSection(NestedProjects) = preSolution
		{5377CB63-1979-4596-A1F4-DF9417C9B037} = {89AD2678-AAC2-4108-B018-B6EC19A4A042}
		{33F04EB2-55DE-4539-8E67-152A6057F100} = {C4897F31-5833-49AA-B9DC-703FC5D8C0E1}
		{639EF079-5944-480A-BF5B-691B3F133507} = {C4897F31-5833-49AA-B9DC-703FC5D8C0E1}
		{3A9EEC93-0E0B-4740-853F-ACD9397E3E46} = {D0EF7B40-E356-470F-886A-5AB58C98950A}
		{37BBF002-DC1F-40EE-9F04-4C5DF50F892D} = {89AD2678-AAC2-4108-B018-B6EC19A4A042}
		{FE40FC1C-284E-4F91-B00F-5CCA71846208} = {C4897F31-5833-49AA-B9DC-703FC5D8C0E1}
		{2B3C7CB7-D7F2-420A-8361-BE8FD12C2E30} = {C4897F31-5833-49AA-B9DC-703FC5D8C0E1}
		{4944D743-F381-471E-980B-54D8387F5478} = {C4897F31-5833-49AA-B9DC-703FC5D8C0E1}
		{4834257C-F8D3-42BE-8C22-DCD19F5DFCFA} = {729DDCC1-5D06-448D-9490-94F1AA750C2B}
		{C5D4D065-D884-4590-A3F5-BB2566C0A890} = {C4897F31-5833-49AA-B9DC-703FC5D8C0E1}
		{3E4EA4B4-8B6D-4422-BC92-2D291E967AA0} = {85C8A69D-C362-4E72-A24D-04ED771CFA7F}
	EndGlobalSection
EndGlobal
